
Microsoft Visual Studio Solution File, Format Version 12.00
# Visual Studio 15
VisualStudioVersion = 15.0.27428.2037
MinimumVisualStudioVersion = 10.0.40219.1
Project("{FAE04EC0-301F-11D3-BF4B-00C04F79EFBC}") = "ChildrenRegistrationTableGenerator", "ChildrenRegistrationTableGenerator\ChildrenRegistrationTableGenerator.csproj", "{ECC0271E-37A4-4AA3-A6DE-817095D5ABB4}"
EndProject
Global
	GlobalSection(SolutionConfigurationPlatforms) = preSolution
		Debug|Any CPU = Debug|Any CPU
		Release|Any CPU = Release|Any CPU
	EndGlobalSection
	GlobalSection(ProjectConfigurationPlatforms) = postSolution
		{ECC0271E-37A4-4AA3-A6DE-817095D5ABB4}.Debug|Any CPU.ActiveCfg = Debug|Any CPU
		{ECC0271E-37A4-4AA3-A6DE-817095D5ABB4}.Debug|Any CPU.Build.0 = Debug|Any CPU
		{ECC0271E-37A4-4AA3-A6DE-817095D5ABB4}.Release|Any CPU.ActiveCfg = Release|Any CPU
		{ECC0271E-37A4-4AA3-A6DE-817095D5ABB4}.Release|Any CPU.Build.0 = Release|Any CPU
	EndGlobalSection
	GlobalSection(SolutionProperties) = preSolution
		HideSolutionNode = FALSE
	EndGlobalSection
	GlobalSection(ExtensibilityGlobals) = postSolution
		SolutionGuid = {A86C9DEC-0DB2-4B6A-874E-62C3B9364BA4}
	EndGlobalSection
EndGlobal
